<?xml version="1.0" encoding="utf-8"?>
<Project ToolsVersion="4.0" xmlns="http://schemas.microsoft.com/developer/msbuild/2003">
  <ItemGroup>
    <Filter Include="Source Files">
      <UniqueIdentifier>{4FC737F1-C7A5-4376-A066-2A32D752A2FF}</UniqueIdentifier>
      <Extensions>cpp;c;cc;cxx;def;odl;idl;hpj;bat;asm;asmx</Extensions>
    </Filter>
    <Filter Include="Header Files">
      <UniqueIdentifier>{93995380-89BD-4b04-88EB-625FBE52EBFB}</UniqueIdentifier>
      <Extensions>h;hh;hpp;hxx;hm;inl;inc;ipp;xsd</Extensions>
    </Filter>
    <Filter Include="Resource Files">
      <UniqueIdentifier>{67DA6AB6-F800-4c08-8B7A-83BB121AAD01}</UniqueIdentifier>
      <Extensions>rc;ico;cur;bmp;dlg;rc2;rct;bin;rgs;gif;jpg;jpeg;jpe;resx;tiff;tif;png;wav;mfcribbon-ms</Extensions>
    </Filter>
  </ItemGroup>
  <ItemGroup>
    <ClCompile Include="src\Actions.c">
      <Filter>Source Files</Filter>
    </ClCompile>
    <ClCompile Include="src\AllWidgets.c">
      <Filter>Source Files</Filter>
    </ClCompile>
    <ClCompile Include="src\AsciiSink.c">
      <Filter>Source Files</Filter>
    </ClCompile>
    <ClCompile Include="src\AsciiSrc.c">
      <Filter>Source Files</Filter>
    </ClCompile>
    <ClCompile Include="src\AsciiText.c">
      <Filter>Source Files</Filter>
    </ClCompile>
    <ClCompile Include="src\Box.c">
      <Filter>Source Files</Filter>
    </ClCompile>
    <ClCompile Include="src\Command.c">
      <Filter>Source Files</Filter>
    </ClCompile>
    <ClCompile Include="src\Converters.c">
      <Filter>Source Files</Filter>
    </ClCompile>
    <ClCompile Include="src\Dialog.c">
      <Filter>Source Files</Filter>
    </ClCompile>
    <ClCompile Include="src\DisplayList.c">
      <Filter>Source Files</Filter>
    </ClCompile>
    <ClCompile Include="src\Form.c">
      <Filter>Source Files</Filter>
    </ClCompile>
    <ClCompile Include="src\Grip.c">
      <Filter>Source Files</Filter>
    </ClCompile>
    <ClCompile Include="src\Label.c">
      <Filter>Source Files</Filter>
    </ClCompile>
    <ClCompile Include="src\List.c">
      <Filter>Source Files</Filter>
    </ClCompile>
    <ClCompile Include="src\MenuButton.c">
      <Filter>Source Files</Filter>
    </ClCompile>
    <ClCompile Include="src\MultiSink.c">
      <Filter>Source Files</Filter>
    </ClCompile>
    <ClCompile Include="src\MultiSrc.c">
      <Filter>Source Files</Filter>
    </ClCompile>
    <ClCompile Include="src\OS.c">
      <Filter>Source Files</Filter>
    </ClCompile>
    <ClCompile Include="src\Paned.c">
      <Filter>Source Files</Filter>
    </ClCompile>
    <ClCompile Include="src\Panner.c">
      <Filter>Source Files</Filter>
    </ClCompile>
    <ClCompile Include="src\Pixmap.c">
      <Filter>Source Files</Filter>
    </ClCompile>
    <ClCompile Include="src\Porthole.c">
      <Filter>Source Files</Filter>
    </ClCompile>
    <ClCompile Include="src\Repeater.c">
      <Filter>Source Files</Filter>
    </ClCompile>
    <ClCompile Include="src\Scrollbar.c">
      <Filter>Source Files</Filter>
    </ClCompile>
    <ClCompile Include="src\sharedlib.c">
      <Filter>Source Files</Filter>
    </ClCompile>
    <ClCompile Include="src\Simple.c">
      <Filter>Source Files</Filter>
    </ClCompile>
    <ClCompile Include="src\SimpleMenu.c">
      <Filter>Source Files</Filter>
    </ClCompile>
    <ClCompile Include="src\Sme.c">
      <Filter>Source Files</Filter>
    </ClCompile>
    <ClCompile Include="src\SmeBSB.c">
      <Filter>Source Files</Filter>
    </ClCompile>
    <ClCompile Include="src\SmeLine.c">
      <Filter>Source Files</Filter>
    </ClCompile>
    <ClCompile Include="src\StripChart.c">
      <Filter>Source Files</Filter>
    </ClCompile>
    <ClCompile Include="src\Text.c">
      <Filter>Source Files</Filter>
    </ClCompile>
    <ClCompile Include="src\TextAction.c">
      <Filter>Source Files</Filter>
    </ClCompile>
    <ClCompile Include="src\TextPop.c">
      <Filter>Source Files</Filter>
    </ClCompile>
    <ClCompile Include="src\TextSink.c">
      <Filter>Source Files</Filter>
    </ClCompile>
    <ClCompile Include="src\TextSrc.c">
      <Filter>Source Files</Filter>
    </ClCompile>
    <ClCompile Include="src\TextTr.c">
      <Filter>Source Files</Filter>
    </ClCompile>
    <ClCompile Include="src\Tip.c">
      <Filter>Source Files</Filter>
    </ClCompile>
    <ClCompile Include="src\Toggle.c">
      <Filter>Source Files</Filter>
    </ClCompile>
    <ClCompile Include="src\Tree.c">
      <Filter>Source Files</Filter>
    </ClCompile>
    <ClCompile Include="src\Vendor.c">
      <Filter>Source Files</Filter>
    </ClCompile>
    <ClCompile Include="src\Viewport.c">
      <Filter>Source Files</Filter>
    </ClCompile>
    <ClCompile Include="src\XawI18n.c">
      <Filter>Source Files</Filter>
    </ClCompile>
    <ClCompile Include="src\XawIm.c">
      <Filter>Source Files</Filter>
    </ClCompile>
    <ClCompile Include="src\XawInit.c">
      <Filter>Source Files</Filter>
    </ClCompile>
  </ItemGroup>
  <ItemGroup>
    <ClInclude Include="src\Private.h">
      <Filter>Source Files</Filter>
    </ClInclude>
    <ClInclude Include="src\XawI18n.h">
      <Filter>Source Files</Filter>
    </ClInclude>
  </ItemGroup>
</Project>