
Microsoft Visual Studio Solution File, Format Version 12.00
# Visual Studio Version 16
VisualStudioVersion = 16.0.29411.108
MinimumVisualStudioVersion = 10.0.40219.1
Project("{8BC9CEB8-8B4A-11D0-8D11-00A0C91BC942}") = "win-xsdl", "win-xsdl.vcxproj", "{CC727801-8297-4AC9-8A13-A9035AF40908}"
EndProject
Project("{8BC9CEB8-8B4A-11D0-8D11-00A0C91BC942}") = "xlib", "xlib\xlib.vcxproj", "{AFAC43E3-70AD-4646-B1FB-6F32E6CD0263}"
EndProject
Project("{8BC9CEB8-8B4A-11D0-8D11-00A0C91BC942}") = "libXt", "xlib\libXt\libXt\libXt.vcxproj", "{520BB167-91E5-492E-AD6C-F8FCBDF158DB}"
EndProject
Project("{8BC9CEB8-8B4A-11D0-8D11-00A0C91BC942}") = "libSM", "xlib\libSM\libSM.vcxproj", "{217A0FAC-5BAB-4D02-B121-1E2953F4B311}"
EndProject
Project("{2150E333-8FDC-42A3-9474-1A3956D46DE8}") = "XLibs", "XLibs", "{416A7D3C-C7A0-4D23-97A0-02EBBF8FB1FE}"
EndProject
Project("{2150E333-8FDC-42A3-9474-1A3956D46DE8}") = "Server", "Server", "{80302D09-CE13-4D68-BA7C-BF5376BD26C2}"
EndProject
Project("{8BC9CEB8-8B4A-11D0-8D11-00A0C91BC942}") = "libICE", "xlib\libICE\libICE.vcxproj", "{B9366A63-6172-4726-8B36-2C7041096B87}"
EndProject
Project("{8BC9CEB8-8B4A-11D0-8D11-00A0C91BC942}") = "libxcb", "xlib\libxcb\libxcb.vcxproj", "{FE625F46-35EE-4E14-ACBB-F4D8DC857D5D}"
EndProject
Project("{8BC9CEB8-8B4A-11D0-8D11-00A0C91BC942}") = "libXext", "xlib\libXext\libXext.vcxproj", "{E69030A9-07DA-4D72-B650-4F60B31A7B6E}"
EndProject
Project("{8BC9CEB8-8B4A-11D0-8D11-00A0C91BC942}") = "libXau", "xlib\libXau\libXau.vcxproj", "{AC52AF82-F911-4345-874D-03E917107C14}"
EndProject
Project("{8BC9CEB8-8B4A-11D0-8D11-00A0C91BC942}") = "libXmu", "xlib\libXmu\libXmu.vcxproj", "{0B4DF846-F1A1-410C-B942-52004A1F3BD3}"
EndProject
Project("{8BC9CEB8-8B4A-11D0-8D11-00A0C91BC942}") = "ximcp", "xlib\ximcp.vcxproj", "{16298ABF-3CA6-4F69-B1FA-F7A3DC92CC92}"
EndProject
Project("{8BC9CEB8-8B4A-11D0-8D11-00A0C91BC942}") = "ConsoleApplication1", "..\ConsoleApplication1\ConsoleApplication1.vcxproj", "{18A66D05-9D36-45B7-8073-10B1472188D7}"
EndProject
Project("{8BC9CEB8-8B4A-11D0-8D11-00A0C91BC942}") = "pipesocket", "..\pipesocket\pipesocket.vcxproj", "{B4CCE8DF-D0B0-45A0-BB51-DA2A87FAD182}"
EndProject
Project("{2150E333-8FDC-42A3-9474-1A3956D46DE8}") = "apps", "apps", "{A1B9658D-461B-4C3A-AA24-15D3F1CC9816}"
EndProject
Project("{8BC9CEB8-8B4A-11D0-8D11-00A0C91BC942}") = "xclock", "..\apps\xclock\xclock.vcxproj", "{C6652EAB-C20F-4F0D-AA2F-DF5C25941E9A}"
EndProject
Project("{8BC9CEB8-8B4A-11D0-8D11-00A0C91BC942}") = "libXaw", "xlib\libXaw\libXaw.vcxproj", "{B4EA8212-C6DE-4D94-80C3-CCD59784B2CC}"
EndProject
Project("{8BC9CEB8-8B4A-11D0-8D11-00A0C91BC942}") = "xcalc", "..\apps\xcalc\xcalc.vcxproj", "{6954644A-14AB-41B0-9C1C-E69E704BB5F8}"
EndProject
Project("{8BC9CEB8-8B4A-11D0-8D11-00A0C91BC942}") = "xeyes", "..\apps\xeyes\xeyes.vcxproj", "{9B4C885D-3BB8-467B-9B2B-B402817DF180}"
EndProject
Global
	GlobalSection(SolutionConfigurationPlatforms) = preSolution
		Debug|x64 = Debug|x64
		Debug|x86 = Debug|x86
		Release|x64 = Release|x64
		Release|x86 = Release|x86
		WasmDebug|x64 = WasmDebug|x64
		WasmDebug|x86 = WasmDebug|x86
	EndGlobalSection
	GlobalSection(ProjectConfigurationPlatforms) = postSolution
		{CC727801-8297-4AC9-8A13-A9035AF40908}.Debug|x64.ActiveCfg = Debug|Win32
		{CC727801-8297-4AC9-8A13-A9035AF40908}.Debug|x86.ActiveCfg = Debug|Win32
		{CC727801-8297-4AC9-8A13-A9035AF40908}.Debug|x86.Build.0 = Debug|Win32
		{CC727801-8297-4AC9-8A13-A9035AF40908}.Release|x64.ActiveCfg = Release|Win32
		{CC727801-8297-4AC9-8A13-A9035AF40908}.Release|x86.ActiveCfg = Release|Win32
		{CC727801-8297-4AC9-8A13-A9035AF40908}.Release|x86.Build.0 = Release|Win32
		{CC727801-8297-4AC9-8A13-A9035AF40908}.WasmDebug|x64.ActiveCfg = WasmDebug|Win32
		{CC727801-8297-4AC9-8A13-A9035AF40908}.WasmDebug|x86.ActiveCfg = WasmDebug|Win32
		{CC727801-8297-4AC9-8A13-A9035AF40908}.WasmDebug|x86.Build.0 = WasmDebug|Win32
		{AFAC43E3-70AD-4646-B1FB-6F32E6CD0263}.Debug|x64.ActiveCfg = Debug|x64
		{AFAC43E3-70AD-4646-B1FB-6F32E6CD0263}.Debug|x64.Build.0 = Debug|x64
		{AFAC43E3-70AD-4646-B1FB-6F32E6CD0263}.Debug|x86.ActiveCfg = Debug|Win32
		{AFAC43E3-70AD-4646-B1FB-6F32E6CD0263}.Debug|x86.Build.0 = Debug|Win32
		{AFAC43E3-70AD-4646-B1FB-6F32E6CD0263}.Release|x64.ActiveCfg = Release|x64
		{AFAC43E3-70AD-4646-B1FB-6F32E6CD0263}.Release|x64.Build.0 = Release|x64
		{AFAC43E3-70AD-4646-B1FB-6F32E6CD0263}.Release|x86.ActiveCfg = Release|Win32
		{AFAC43E3-70AD-4646-B1FB-6F32E6CD0263}.Release|x86.Build.0 = Release|Win32
		{AFAC43E3-70AD-4646-B1FB-6F32E6CD0263}.WasmDebug|x64.ActiveCfg = WasmDebug|x64
		{AFAC43E3-70AD-4646-B1FB-6F32E6CD0263}.WasmDebug|x64.Build.0 = WasmDebug|x64
		{AFAC43E3-70AD-4646-B1FB-6F32E6CD0263}.WasmDebug|x86.ActiveCfg = WasmDebug|Win32
		{AFAC43E3-70AD-4646-B1FB-6F32E6CD0263}.WasmDebug|x86.Build.0 = WasmDebug|Win32
		{520BB167-91E5-492E-AD6C-F8FCBDF158DB}.Debug|x64.ActiveCfg = Debug|x64
		{520BB167-91E5-492E-AD6C-F8FCBDF158DB}.Debug|x64.Build.0 = Debug|x64
		{520BB167-91E5-492E-AD6C-F8FCBDF158DB}.Debug|x86.ActiveCfg = Debug|Win32
		{520BB167-91E5-492E-AD6C-F8FCBDF158DB}.Debug|x86.Build.0 = Debug|Win32
		{520BB167-91E5-492E-AD6C-F8FCBDF158DB}.Release|x64.ActiveCfg = Release|x64
		{520BB167-91E5-492E-AD6C-F8FCBDF158DB}.Release|x64.Build.0 = Release|x64
		{520BB167-91E5-492E-AD6C-F8FCBDF158DB}.Release|x86.ActiveCfg = Release|Win32
		{520BB167-91E5-492E-AD6C-F8FCBDF158DB}.Release|x86.Build.0 = Release|Win32
		{520BB167-91E5-492E-AD6C-F8FCBDF158DB}.WasmDebug|x64.ActiveCfg = WasmDebug|x64
		{520BB167-91E5-492E-AD6C-F8FCBDF158DB}.WasmDebug|x64.Build.0 = WasmDebug|x64
		{520BB167-91E5-492E-AD6C-F8FCBDF158DB}.WasmDebug|x86.ActiveCfg = WasmDebug|Win32
		{520BB167-91E5-492E-AD6C-F8FCBDF158DB}.WasmDebug|x86.Build.0 = WasmDebug|Win32
		{217A0FAC-5BAB-4D02-B121-1E2953F4B311}.Debug|x64.ActiveCfg = Debug|x64
		{217A0FAC-5BAB-4D02-B121-1E2953F4B311}.Debug|x64.Build.0 = Debug|x64
		{217A0FAC-5BAB-4D02-B121-1E2953F4B311}.Debug|x86.ActiveCfg = Debug|Win32
		{217A0FAC-5BAB-4D02-B121-1E2953F4B311}.Debug|x86.Build.0 = Debug|Win32
		{217A0FAC-5BAB-4D02-B121-1E2953F4B311}.Release|x64.ActiveCfg = Release|x64
		{217A0FAC-5BAB-4D02-B121-1E2953F4B311}.Release|x64.Build.0 = Release|x64
		{217A0FAC-5BAB-4D02-B121-1E2953F4B311}.Release|x86.ActiveCfg = Release|Win32
		{217A0FAC-5BAB-4D02-B121-1E2953F4B311}.Release|x86.Build.0 = Release|Win32
		{217A0FAC-5BAB-4D02-B121-1E2953F4B311}.WasmDebug|x64.ActiveCfg = WasmDebug|x64
		{217A0FAC-5BAB-4D02-B121-1E2953F4B311}.WasmDebug|x64.Build.0 = WasmDebug|x64
		{217A0FAC-5BAB-4D02-B121-1E2953F4B311}.WasmDebug|x86.ActiveCfg = WasmDebug|Win32
		{217A0FAC-5BAB-4D02-B121-1E2953F4B311}.WasmDebug|x86.Build.0 = WasmDebug|Win32
		{B9366A63-6172-4726-8B36-2C7041096B87}.Debug|x64.ActiveCfg = Debug|x64
		{B9366A63-6172-4726-8B36-2C7041096B87}.Debug|x64.Build.0 = Debug|x64
		{B9366A63-6172-4726-8B36-2C7041096B87}.Debug|x86.ActiveCfg = Debug|Win32
		{B9366A63-6172-4726-8B36-2C7041096B87}.Debug|x86.Build.0 = Debug|Win32
		{B9366A63-6172-4726-8B36-2C7041096B87}.Release|x64.ActiveCfg = Release|x64
		{B9366A63-6172-4726-8B36-2C7041096B87}.Release|x64.Build.0 = Release|x64
		{B9366A63-6172-4726-8B36-2C7041096B87}.Release|x86.ActiveCfg = Release|Win32
		{B9366A63-6172-4726-8B36-2C7041096B87}.Release|x86.Build.0 = Release|Win32
		{B9366A63-6172-4726-8B36-2C7041096B87}.WasmDebug|x64.ActiveCfg = WasmDebug|x64
		{B9366A63-6172-4726-8B36-2C7041096B87}.WasmDebug|x64.Build.0 = WasmDebug|x64
		{B9366A63-6172-4726-8B36-2C7041096B87}.WasmDebug|x86.ActiveCfg = WasmDebug|Win32
		{B9366A63-6172-4726-8B36-2C7041096B87}.WasmDebug|x86.Build.0 = WasmDebug|Win32
		{FE625F46-35EE-4E14-ACBB-F4D8DC857D5D}.Debug|x64.ActiveCfg = Debug|x64
		{FE625F46-35EE-4E14-ACBB-F4D8DC857D5D}.Debug|x64.Build.0 = Debug|x64
		{FE625F46-35EE-4E14-ACBB-F4D8DC857D5D}.Debug|x86.ActiveCfg = Debug|Win32
		{FE625F46-35EE-4E14-ACBB-F4D8DC857D5D}.Debug|x86.Build.0 = Debug|Win32
		{FE625F46-35EE-4E14-ACBB-F4D8DC857D5D}.Release|x64.ActiveCfg = Release|x64
		{FE625F46-35EE-4E14-ACBB-F4D8DC857D5D}.Release|x64.Build.0 = Release|x64
		{FE625F46-35EE-4E14-ACBB-F4D8DC857D5D}.Release|x86.ActiveCfg = Release|Win32
		{FE625F46-35EE-4E14-ACBB-F4D8DC857D5D}.Release|x86.Build.0 = Release|Win32
		{FE625F46-35EE-4E14-ACBB-F4D8DC857D5D}.WasmDebug|x64.ActiveCfg = WasmDebug|x64
		{FE625F46-35EE-4E14-ACBB-F4D8DC857D5D}.WasmDebug|x64.Build.0 = WasmDebug|x64
		{FE625F46-35EE-4E14-ACBB-F4D8DC857D5D}.WasmDebug|x86.ActiveCfg = WasmDebug|Win32
		{FE625F46-35EE-4E14-ACBB-F4D8DC857D5D}.WasmDebug|x86.Build.0 = WasmDebug|Win32
		{E69030A9-07DA-4D72-B650-4F60B31A7B6E}.Debug|x64.ActiveCfg = Debug|x64
		{E69030A9-07DA-4D72-B650-4F60B31A7B6E}.Debug|x64.Build.0 = Debug|x64
		{E69030A9-07DA-4D72-B650-4F60B31A7B6E}.Debug|x86.ActiveCfg = Debug|Win32
		{E69030A9-07DA-4D72-B650-4F60B31A7B6E}.Debug|x86.Build.0 = Debug|Win32
		{E69030A9-07DA-4D72-B650-4F60B31A7B6E}.Release|x64.ActiveCfg = Release|x64
		{E69030A9-07DA-4D72-B650-4F60B31A7B6E}.Release|x64.Build.0 = Release|x64
		{E69030A9-07DA-4D72-B650-4F60B31A7B6E}.Release|x86.ActiveCfg = Release|Win32
		{E69030A9-07DA-4D72-B650-4F60B31A7B6E}.Release|x86.Build.0 = Release|Win32
		{E69030A9-07DA-4D72-B650-4F60B31A7B6E}.WasmDebug|x64.ActiveCfg = WasmDebug|x64
		{E69030A9-07DA-4D72-B650-4F60B31A7B6E}.WasmDebug|x64.Build.0 = WasmDebug|x64
		{E69030A9-07DA-4D72-B650-4F60B31A7B6E}.WasmDebug|x86.ActiveCfg = WasmDebug|Win32
		{E69030A9-07DA-4D72-B650-4F60B31A7B6E}.WasmDebug|x86.Build.0 = WasmDebug|Win32
		{AC52AF82-F911-4345-874D-03E917107C14}.Debug|x64.ActiveCfg = Debug|x64
		{AC52AF82-F911-4345-874D-03E917107C14}.Debug|x64.Build.0 = Debug|x64
		{AC52AF82-F911-4345-874D-03E917107C14}.Debug|x86.ActiveCfg = Debug|Win32
		{AC52AF82-F911-4345-874D-03E917107C14}.Debug|x86.Build.0 = Debug|Win32
		{AC52AF82-F911-4345-874D-03E917107C14}.Release|x64.ActiveCfg = Release|x64
		{AC52AF82-F911-4345-874D-03E917107C14}.Release|x64.Build.0 = Release|x64
		{AC52AF82-F911-4345-874D-03E917107C14}.Release|x86.ActiveCfg = Release|Win32
		{AC52AF82-F911-4345-874D-03E917107C14}.Release|x86.Build.0 = Release|Win32
		{AC52AF82-F911-4345-874D-03E917107C14}.WasmDebug|x64.ActiveCfg = WasmDebug|x64
		{AC52AF82-F911-4345-874D-03E917107C14}.WasmDebug|x64.Build.0 = WasmDebug|x64
		{AC52AF82-F911-4345-874D-03E917107C14}.WasmDebug|x86.ActiveCfg = WasmDebug|Win32
		{AC52AF82-F911-4345-874D-03E917107C14}.WasmDebug|x86.Build.0 = WasmDebug|Win32
		{0B4DF846-F1A1-410C-B942-52004A1F3BD3}.Debug|x64.ActiveCfg = Debug|x64
		{0B4DF846-F1A1-410C-B942-52004A1F3BD3}.Debug|x64.Build.0 = Debug|x64
		{0B4DF846-F1A1-410C-B942-52004A1F3BD3}.Debug|x86.ActiveCfg = Debug|Win32
		{0B4DF846-F1A1-410C-B942-52004A1F3BD3}.Debug|x86.Build.0 = Debug|Win32
		{0B4DF846-F1A1-410C-B942-52004A1F3BD3}.Release|x64.ActiveCfg = Release|x64
		{0B4DF846-F1A1-410C-B942-52004A1F3BD3}.Release|x64.Build.0 = Release|x64
		{0B4DF846-F1A1-410C-B942-52004A1F3BD3}.Release|x86.ActiveCfg = Release|Win32
		{0B4DF846-F1A1-410C-B942-52004A1F3BD3}.Release|x86.Build.0 = Release|Win32
		{0B4DF846-F1A1-410C-B942-52004A1F3BD3}.WasmDebug|x64.ActiveCfg = WasmDebug|x64
		{0B4DF846-F1A1-410C-B942-52004A1F3BD3}.WasmDebug|x64.Build.0 = WasmDebug|x64
		{0B4DF846-F1A1-410C-B942-52004A1F3BD3}.WasmDebug|x86.ActiveCfg = WasmDebug|Win32
		{0B4DF846-F1A1-410C-B942-52004A1F3BD3}.WasmDebug|x86.Build.0 = WasmDebug|Win32
		{16298ABF-3CA6-4F69-B1FA-F7A3DC92CC92}.Debug|x64.ActiveCfg = Debug|x64
		{16298ABF-3CA6-4F69-B1FA-F7A3DC92CC92}.Debug|x64.Build.0 = Debug|x64
		{16298ABF-3CA6-4F69-B1FA-F7A3DC92CC92}.Debug|x86.ActiveCfg = Debug|Win32
		{16298ABF-3CA6-4F69-B1FA-F7A3DC92CC92}.Debug|x86.Build.0 = Debug|Win32
		{16298ABF-3CA6-4F69-B1FA-F7A3DC92CC92}.Release|x64.ActiveCfg = Release|x64
		{16298ABF-3CA6-4F69-B1FA-F7A3DC92CC92}.Release|x64.Build.0 = Release|x64
		{16298ABF-3CA6-4F69-B1FA-F7A3DC92CC92}.Release|x86.ActiveCfg = Release|Win32
		{16298ABF-3CA6-4F69-B1FA-F7A3DC92CC92}.Release|x86.Build.0 = Release|Win32
		{16298ABF-3CA6-4F69-B1FA-F7A3DC92CC92}.WasmDebug|x64.ActiveCfg = WasmDebug|x64
		{16298ABF-3CA6-4F69-B1FA-F7A3DC92CC92}.WasmDebug|x64.Build.0 = WasmDebug|x64
		{16298ABF-3CA6-4F69-B1FA-F7A3DC92CC92}.WasmDebug|x86.ActiveCfg = WasmDebug|Win32
		{16298ABF-3CA6-4F69-B1FA-F7A3DC92CC92}.WasmDebug|x86.Build.0 = WasmDebug|Win32
		{18A66D05-9D36-45B7-8073-10B1472188D7}.Debug|x64.ActiveCfg = Debug|x64
		{18A66D05-9D36-45B7-8073-10B1472188D7}.Debug|x64.Build.0 = Debug|x64
		{18A66D05-9D36-45B7-8073-10B1472188D7}.Debug|x86.ActiveCfg = Debug|Win32
		{18A66D05-9D36-45B7-8073-10B1472188D7}.Debug|x86.Build.0 = Debug|Win32
		{18A66D05-9D36-45B7-8073-10B1472188D7}.Release|x64.ActiveCfg = Release|x64
		{18A66D05-9D36-45B7-8073-10B1472188D7}.Release|x64.Build.0 = Release|x64
		{18A66D05-9D36-45B7-8073-10B1472188D7}.Release|x86.ActiveCfg = Release|Win32
		{18A66D05-9D36-45B7-8073-10B1472188D7}.Release|x86.Build.0 = Release|Win32
		{18A66D05-9D36-45B7-8073-10B1472188D7}.WasmDebug|x64.ActiveCfg = Debug|x64
		{18A66D05-9D36-45B7-8073-10B1472188D7}.WasmDebug|x64.Build.0 = Debug|x64
		{18A66D05-9D36-45B7-8073-10B1472188D7}.WasmDebug|x86.ActiveCfg = Debug|Win32
		{B4CCE8DF-D0B0-45A0-BB51-DA2A87FAD182}.Debug|x64.ActiveCfg = Debug|x64
		{B4CCE8DF-D0B0-45A0-BB51-DA2A87FAD182}.Debug|x64.Build.0 = Debug|x64
		{B4CCE8DF-D0B0-45A0-BB51-DA2A87FAD182}.Debug|x86.ActiveCfg = Debug|Win32
		{B4CCE8DF-D0B0-45A0-BB51-DA2A87FAD182}.Debug|x86.Build.0 = Debug|Win32
		{B4CCE8DF-D0B0-45A0-BB51-DA2A87FAD182}.Release|x64.ActiveCfg = Release|x64
		{B4CCE8DF-D0B0-45A0-BB51-DA2A87FAD182}.Release|x64.Build.0 = Release|x64
		{B4CCE8DF-D0B0-45A0-BB51-DA2A87FAD182}.Release|x86.ActiveCfg = Release|Win32
		{B4CCE8DF-D0B0-45A0-BB51-DA2A87FAD182}.Release|x86.Build.0 = Release|Win32
		{B4CCE8DF-D0B0-45A0-BB51-DA2A87FAD182}.WasmDebug|x64.ActiveCfg = Debug|x64
		{B4CCE8DF-D0B0-45A0-BB51-DA2A87FAD182}.WasmDebug|x64.Build.0 = Debug|x64
		{B4CCE8DF-D0B0-45A0-BB51-DA2A87FAD182}.WasmDebug|x86.ActiveCfg = WasmDebug|Win32
		{B4CCE8DF-D0B0-45A0-BB51-DA2A87FAD182}.WasmDebug|x86.Build.0 = WasmDebug|Win32
		{C6652EAB-C20F-4F0D-AA2F-DF5C25941E9A}.Debug|x64.ActiveCfg = Debug|x64
		{C6652EAB-C20F-4F0D-AA2F-DF5C25941E9A}.Debug|x64.Build.0 = Debug|x64
		{C6652EAB-C20F-4F0D-AA2F-DF5C25941E9A}.Debug|x86.ActiveCfg = Debug|Win32
		{C6652EAB-C20F-4F0D-AA2F-DF5C25941E9A}.Debug|x86.Build.0 = Debug|Win32
		{C6652EAB-C20F-4F0D-AA2F-DF5C25941E9A}.Release|x64.ActiveCfg = Release|x64
		{C6652EAB-C20F-4F0D-AA2F-DF5C25941E9A}.Release|x64.Build.0 = Release|x64
		{C6652EAB-C20F-4F0D-AA2F-DF5C25941E9A}.Release|x86.ActiveCfg = Release|Win32
		{C6652EAB-C20F-4F0D-AA2F-DF5C25941E9A}.Release|x86.Build.0 = Release|Win32
		{C6652EAB-C20F-4F0D-AA2F-DF5C25941E9A}.WasmDebug|x64.ActiveCfg = Debug|x64
		{C6652EAB-C20F-4F0D-AA2F-DF5C25941E9A}.WasmDebug|x64.Build.0 = Debug|x64
		{C6652EAB-C20F-4F0D-AA2F-DF5C25941E9A}.WasmDebug|x86.ActiveCfg = WasmDebug|Win32
		{C6652EAB-C20F-4F0D-AA2F-DF5C25941E9A}.WasmDebug|x86.Build.0 = WasmDebug|Win32
		{B4EA8212-C6DE-4D94-80C3-CCD59784B2CC}.Debug|x64.ActiveCfg = Debug|x64
		{B4EA8212-C6DE-4D94-80C3-CCD59784B2CC}.Debug|x64.Build.0 = Debug|x64
		{B4EA8212-C6DE-4D94-80C3-CCD59784B2CC}.Debug|x86.ActiveCfg = Debug|Win32
		{B4EA8212-C6DE-4D94-80C3-CCD59784B2CC}.Debug|x86.Build.0 = Debug|Win32
		{B4EA8212-C6DE-4D94-80C3-CCD59784B2CC}.Release|x64.ActiveCfg = Release|x64
		{B4EA8212-C6DE-4D94-80C3-CCD59784B2CC}.Release|x64.Build.0 = Release|x64
		{B4EA8212-C6DE-4D94-80C3-CCD59784B2CC}.Release|x86.ActiveCfg = Release|Win32
		{B4EA8212-C6DE-4D94-80C3-CCD59784B2CC}.Release|x86.Build.0 = Release|Win32
		{B4EA8212-C6DE-4D94-80C3-CCD59784B2CC}.WasmDebug|x64.ActiveCfg = Debug|x64
		{B4EA8212-C6DE-4D94-80C3-CCD59784B2CC}.WasmDebug|x64.Build.0 = Debug|x64
		{B4EA8212-C6DE-4D94-80C3-CCD59784B2CC}.WasmDebug|x86.ActiveCfg = WasmDebug|Win32
		{B4EA8212-C6DE-4D94-80C3-CCD59784B2CC}.WasmDebug|x86.Build.0 = WasmDebug|Win32
		{6954644A-14AB-41B0-9C1C-E69E704BB5F8}.Debug|x64.ActiveCfg = Debug|x64
		{6954644A-14AB-41B0-9C1C-E69E704BB5F8}.Debug|x64.Build.0 = Debug|x64
		{6954644A-14AB-41B0-9C1C-E69E704BB5F8}.Debug|x86.ActiveCfg = Debug|Win32
		{6954644A-14AB-41B0-9C1C-E69E704BB5F8}.Debug|x86.Build.0 = Debug|Win32
		{6954644A-14AB-41B0-9C1C-E69E704BB5F8}.Release|x64.ActiveCfg = Release|x64
		{6954644A-14AB-41B0-9C1C-E69E704BB5F8}.Release|x64.Build.0 = Release|x64
		{6954644A-14AB-41B0-9C1C-E69E704BB5F8}.Release|x86.ActiveCfg = Release|Win32
		{6954644A-14AB-41B0-9C1C-E69E704BB5F8}.Release|x86.Build.0 = Release|Win32
		{6954644A-14AB-41B0-9C1C-E69E704BB5F8}.WasmDebug|x64.ActiveCfg = Debug|x64
		{6954644A-14AB-41B0-9C1C-E69E704BB5F8}.WasmDebug|x64.Build.0 = Debug|x64
		{6954644A-14AB-41B0-9C1C-E69E704BB5F8}.WasmDebug|x86.ActiveCfg = Debug|Win32
		{6954644A-14AB-41B0-9C1C-E69E704BB5F8}.WasmDebug|x86.Build.0 = Debug|Win32
		{9B4C885D-3BB8-467B-9B2B-B402817DF180}.Debug|x64.ActiveCfg = Debug|x64
		{9B4C885D-3BB8-467B-9B2B-B402817DF180}.Debug|x64.Build.0 = Debug|x64
		{9B4C885D-3BB8-467B-9B2B-B402817DF180}.Debug|x86.ActiveCfg = Debug|Win32
		{9B4C885D-3BB8-467B-9B2B-B402817DF180}.Debug|x86.Build.0 = Debug|Win32
		{9B4C885D-3BB8-467B-9B2B-B402817DF180}.Release|x64.ActiveCfg = Release|x64
		{9B4C885D-3BB8-467B-9B2B-B402817DF180}.Release|x64.Build.0 = Release|x64
		{9B4C885D-3BB8-467B-9B2B-B402817DF180}.Release|x86.ActiveCfg = Release|Win32
		{9B4C885D-3BB8-467B-9B2B-B402817DF180}.Release|x86.Build.0 = Release|Win32
		{9B4C885D-3BB8-467B-9B2B-B402817DF180}.WasmDebug|x64.ActiveCfg = WasmDebug|x64
		{9B4C885D-3BB8-467B-9B2B-B402817DF180}.WasmDebug|x64.Build.0 = WasmDebug|x64
		{9B4C885D-3BB8-467B-9B2B-B402817DF180}.WasmDebug|x86.ActiveCfg = WasmDebug|Win32
		{9B4C885D-3BB8-467B-9B2B-B402817DF180}.WasmDebug|x86.Build.0 = WasmDebug|Win32
	EndGlobalSection
	GlobalSection(SolutionProperties) = preSolution
		HideSolutionNode = FALSE
	EndGlobalSection
	GlobalSection(NestedProjects) = preSolution
		{CC727801-8297-4AC9-8A13-A9035AF40908} = {80302D09-CE13-4D68-BA7C-BF5376BD26C2}
		{AFAC43E3-70AD-4646-B1FB-6F32E6CD0263} = {416A7D3C-C7A0-4D23-97A0-02EBBF8FB1FE}
		{520BB167-91E5-492E-AD6C-F8FCBDF158DB} = {416A7D3C-C7A0-4D23-97A0-02EBBF8FB1FE}
		{217A0FAC-5BAB-4D02-B121-1E2953F4B311} = {416A7D3C-C7A0-4D23-97A0-02EBBF8FB1FE}
		{B9366A63-6172-4726-8B36-2C7041096B87} = {416A7D3C-C7A0-4D23-97A0-02EBBF8FB1FE}
		{FE625F46-35EE-4E14-ACBB-F4D8DC857D5D} = {416A7D3C-C7A0-4D23-97A0-02EBBF8FB1FE}
		{E69030A9-07DA-4D72-B650-4F60B31A7B6E} = {416A7D3C-C7A0-4D23-97A0-02EBBF8FB1FE}
		{AC52AF82-F911-4345-874D-03E917107C14} = {416A7D3C-C7A0-4D23-97A0-02EBBF8FB1FE}
		{0B4DF846-F1A1-410C-B942-52004A1F3BD3} = {416A7D3C-C7A0-4D23-97A0-02EBBF8FB1FE}
		{16298ABF-3CA6-4F69-B1FA-F7A3DC92CC92} = {416A7D3C-C7A0-4D23-97A0-02EBBF8FB1FE}
		{C6652EAB-C20F-4F0D-AA2F-DF5C25941E9A} = {A1B9658D-461B-4C3A-AA24-15D3F1CC9816}
		{B4EA8212-C6DE-4D94-80C3-CCD59784B2CC} = {416A7D3C-C7A0-4D23-97A0-02EBBF8FB1FE}
		{6954644A-14AB-41B0-9C1C-E69E704BB5F8} = {A1B9658D-461B-4C3A-AA24-15D3F1CC9816}
		{9B4C885D-3BB8-467B-9B2B-B402817DF180} = {A1B9658D-461B-4C3A-AA24-15D3F1CC9816}
	EndGlobalSection
	GlobalSection(ExtensibilityGlobals) = postSolution
		SolutionGuid = {40C05310-724D-482C-A5FB-0537B0AEC891}
	EndGlobalSection
EndGlobal
